
Microsoft Visual Studio Solution File, Format Version 12.00
# Visual Studio Version 17
VisualStudioVersion = 17.1.32407.343
MinimumVisualStudioVersion = 10.0.40219.1
Project("{FAE04EC0-301F-11D3-BF4B-00C04F79EFBC}") = "FileSystemDemo", "FileSystemDemo.csproj", "{9046427A-6DD8-4AAA-8331-1C0DC1FC166B}"
EndProject
Global
	GlobalSection(SolutionConfigurationPlatforms) = preSolution
		Debug|Any CPU = Debug|Any CPU
		Release|Any CPU = Release|Any CPU
	EndGlobalSection
	GlobalSection(ProjectConfigurationPlatforms) = postSolution
		{9046427A-6DD8-4AAA-8331-1C0DC1FC166B}.Debug|Any CPU.ActiveCfg = Debug|Any CPU
		{9046427A-6DD8-4AAA-8331-1C0DC1FC166B}.Debug|Any CPU.Build.0 = Debug|Any CPU
		{9046427A-6DD8-4AAA-8331-1C0DC1FC166B}.Release|Any CPU.ActiveCfg = Release|Any CPU
		{9046427A-6DD8-4AAA-8331-1C0DC1FC166B}.Release|Any CPU.Build.0 = Release|Any CPU
	EndGlobalSection
	GlobalSection(SolutionProperties) = preSolution
		HideSolutionNode = FALSE
	EndGlobalSection
	GlobalSection(ExtensibilityGlobals) = postSolution
		SolutionGuid = {58CA36D6-9057-4C37-B6F5-AE52E1E94F9E}
	EndGlobalSection
EndGlobal
